
Microsoft Visual Studio Solution File, Format Version 12.00
# Visual Studio 14
VisualStudioVersion = 14.0.24720.0
MinimumVisualStudioVersion = 10.0.40219.1
Project("{FAE04EC0-301F-11D3-BF4B-00C04F79EFBC}") = "LocallySourced", "LocallySourced\LocallySourced.csproj", "{A9683856-961A-41E9-83F2-322B2C1A94C9}"
EndProject
Project("{FAE04EC0-301F-11D3-BF4B-00C04F79EFBC}") = "ForumControllerUnitTests", "ForumControllerUnitTests\ForumControllerUnitTests.csproj", "{9ADCC7AF-287D-4C67-8B2D-EE9CF719E788}"
EndProject
Global
	GlobalSection(SolutionConfigurationPlatforms) = preSolution
		Debug|Any CPU = Debug|Any CPU
		Release|Any CPU = Release|Any CPU
	EndGlobalSection
	GlobalSection(ProjectConfigurationPlatforms) = postSolution
		{A9683856-961A-41E9-83F2-322B2C1A94C9}.Debug|Any CPU.ActiveCfg = Debug|Any CPU
		{A9683856-961A-41E9-83F2-322B2C1A94C9}.Debug|Any CPU.Build.0 = Debug|Any CPU
		{A9683856-961A-41E9-83F2-322B2C1A94C9}.Release|Any CPU.ActiveCfg = Release|Any CPU
		{A9683856-961A-41E9-83F2-322B2C1A94C9}.Release|Any CPU.Build.0 = Release|Any CPU
		{9ADCC7AF-287D-4C67-8B2D-EE9CF719E788}.Debug|Any CPU.ActiveCfg = Debug|Any CPU
		{9ADCC7AF-287D-4C67-8B2D-EE9CF719E788}.Debug|Any CPU.Build.0 = Debug|Any CPU
		{9ADCC7AF-287D-4C67-8B2D-EE9CF719E788}.Release|Any CPU.ActiveCfg = Release|Any CPU
		{9ADCC7AF-287D-4C67-8B2D-EE9CF719E788}.Release|Any CPU.Build.0 = Release|Any CPU
	EndGlobalSection
	GlobalSection(SolutionProperties) = preSolution
		HideSolutionNode = FALSE
	EndGlobalSection
EndGlobal
